{
  "name": "npm-update-action",
  "version": "1.0.0",
  "lockfileVersion": 1,
  "requires": true,
  "dependencies": {
    "@oshdev/npm-package-example": {
      "version": "1.0.1",
      "resolved": "https://registry.npmjs.org/@oshdev/npm-package-example/-/npm-package-example-1.0.1.tgz",
      "integrity": "sha512-VjJzJyafU8zSPLh1MGCEuy7r975rFPzg3CmjnZTXrWDc6rs1u06yBF6yxokzhGFrYZ60gzZpl4IJ8DVjqqxdeQ=="
    }
  }
}
